
Microsoft Visual Studio Solution File, Format Version 12.00
# Visual Studio Version 16
VisualStudioVersion = 16.0.30320.27
MinimumVisualStudioVersion = 10.0.40219.1
Project("{FAE04EC0-301F-11D3-BF4B-00C04F79EFBC}") = "WinAppEjercicio33", "WinAppEjercicio33\WinAppEjercicio33.csproj", "{415CE3A1-88C8-48AA-BB3C-323EB2481C4B}"
EndProject
Global
	GlobalSection(SolutionConfigurationPlatforms) = preSolution
		Debug|Any CPU = Debug|Any CPU
		Release|Any CPU = Release|Any CPU
	EndGlobalSection
	GlobalSection(ProjectConfigurationPlatforms) = postSolution
		{415CE3A1-88C8-48AA-BB3C-323EB2481C4B}.Debug|Any CPU.ActiveCfg = Debug|Any CPU
		{415CE3A1-88C8-48AA-BB3C-323EB2481C4B}.Debug|Any CPU.Build.0 = Debug|Any CPU
		{415CE3A1-88C8-48AA-BB3C-323EB2481C4B}.Release|Any CPU.ActiveCfg = Release|Any CPU
		{415CE3A1-88C8-48AA-BB3C-323EB2481C4B}.Release|Any CPU.Build.0 = Release|Any CPU
	EndGlobalSection
	GlobalSection(SolutionProperties) = preSolution
		HideSolutionNode = FALSE
	EndGlobalSection
	GlobalSection(ExtensibilityGlobals) = postSolution
		SolutionGuid = {816E8C67-B3C0-40D3-B78E-87683D0D902F}
	EndGlobalSection
EndGlobal
