
Microsoft Visual Studio Solution File, Format Version 12.00
# Visual Studio Version 16
VisualStudioVersion = 16.0.30320.27
MinimumVisualStudioVersion = 10.0.40219.1
Project("{FAE04EC0-301F-11D3-BF4B-00C04F79EFBC}") = "WinAppEjercicio42", "WinAppEjercicio42\WinAppEjercicio42.csproj", "{628895ED-F31D-4999-9206-4D2C4793198E}"
EndProject
Global
	GlobalSection(SolutionConfigurationPlatforms) = preSolution
		Debug|Any CPU = Debug|Any CPU
		Release|Any CPU = Release|Any CPU
	EndGlobalSection
	GlobalSection(ProjectConfigurationPlatforms) = postSolution
		{628895ED-F31D-4999-9206-4D2C4793198E}.Debug|Any CPU.ActiveCfg = Debug|Any CPU
		{628895ED-F31D-4999-9206-4D2C4793198E}.Debug|Any CPU.Build.0 = Debug|Any CPU
		{628895ED-F31D-4999-9206-4D2C4793198E}.Release|Any CPU.ActiveCfg = Release|Any CPU
		{628895ED-F31D-4999-9206-4D2C4793198E}.Release|Any CPU.Build.0 = Release|Any CPU
	EndGlobalSection
	GlobalSection(SolutionProperties) = preSolution
		HideSolutionNode = FALSE
	EndGlobalSection
	GlobalSection(ExtensibilityGlobals) = postSolution
		SolutionGuid = {2407CF58-5693-4196-ADF3-64CC45832FD3}
	EndGlobalSection
EndGlobal
