
Microsoft Visual Studio Solution File, Format Version 12.00
# Visual Studio Version 16
VisualStudioVersion = 16.0.30320.27
MinimumVisualStudioVersion = 10.0.40219.1
Project("{FAE04EC0-301F-11D3-BF4B-00C04F79EFBC}") = "WinAppEjercicio18", "WinAppEjercicio18\WinAppEjercicio18.csproj", "{F39175FF-F473-4E94-AB6E-821987C994FA}"
EndProject
Global
	GlobalSection(SolutionConfigurationPlatforms) = preSolution
		Debug|Any CPU = Debug|Any CPU
		Release|Any CPU = Release|Any CPU
	EndGlobalSection
	GlobalSection(ProjectConfigurationPlatforms) = postSolution
		{F39175FF-F473-4E94-AB6E-821987C994FA}.Debug|Any CPU.ActiveCfg = Debug|Any CPU
		{F39175FF-F473-4E94-AB6E-821987C994FA}.Debug|Any CPU.Build.0 = Debug|Any CPU
		{F39175FF-F473-4E94-AB6E-821987C994FA}.Release|Any CPU.ActiveCfg = Release|Any CPU
		{F39175FF-F473-4E94-AB6E-821987C994FA}.Release|Any CPU.Build.0 = Release|Any CPU
	EndGlobalSection
	GlobalSection(SolutionProperties) = preSolution
		HideSolutionNode = FALSE
	EndGlobalSection
	GlobalSection(ExtensibilityGlobals) = postSolution
		SolutionGuid = {E3B53BC6-C4B4-4B1F-BD32-126F9258ABA5}
	EndGlobalSection
EndGlobal
