
Microsoft Visual Studio Solution File, Format Version 12.00
# Visual Studio Version 16
VisualStudioVersion = 16.0.30320.27
MinimumVisualStudioVersion = 10.0.40219.1
Project("{FAE04EC0-301F-11D3-BF4B-00C04F79EFBC}") = "WinAppEjercicio28", "WinAppEjercicio28\WinAppEjercicio28.csproj", "{2109748F-5252-4FD0-B13E-7EB4514623CA}"
EndProject
Global
	GlobalSection(SolutionConfigurationPlatforms) = preSolution
		Debug|Any CPU = Debug|Any CPU
		Release|Any CPU = Release|Any CPU
	EndGlobalSection
	GlobalSection(ProjectConfigurationPlatforms) = postSolution
		{2109748F-5252-4FD0-B13E-7EB4514623CA}.Debug|Any CPU.ActiveCfg = Debug|Any CPU
		{2109748F-5252-4FD0-B13E-7EB4514623CA}.Debug|Any CPU.Build.0 = Debug|Any CPU
		{2109748F-5252-4FD0-B13E-7EB4514623CA}.Release|Any CPU.ActiveCfg = Release|Any CPU
		{2109748F-5252-4FD0-B13E-7EB4514623CA}.Release|Any CPU.Build.0 = Release|Any CPU
	EndGlobalSection
	GlobalSection(SolutionProperties) = preSolution
		HideSolutionNode = FALSE
	EndGlobalSection
	GlobalSection(ExtensibilityGlobals) = postSolution
		SolutionGuid = {F46CB1F5-9CB6-4C38-8135-26712B466B67}
	EndGlobalSection
EndGlobal
